<?xml version="1.0" encoding="utf-8"?>
<Project ToolsVersion="4.0" xmlns="http://schemas.microsoft.com/developer/msbuild/2003">
  <ItemGroup>
    <Filter Include="GEngine">
      <UniqueIdentifier>{023A1B06-6E19-9AA1-7731-2578E38F0003}</UniqueIdentifier>
    </Filter>
    <Filter Include="GEngine\Events">
      <UniqueIdentifier>{A64FEF47-921D-E34D-7BB1-5374671EBFB2}</UniqueIdentifier>
    </Filter>
  </ItemGroup>
  <ItemGroup>
    <ClInclude Include="src\GEngine.h" />
    <ClInclude Include="src\GEngine\Application.h">
      <Filter>GEngine</Filter>
    </ClInclude>
    <ClInclude Include="src\GEngine\Core.h">
      <Filter>GEngine</Filter>
    </ClInclude>
    <ClInclude Include="src\GEngine\EntryPoint.h">
      <Filter>GEngine</Filter>
    </ClInclude>
    <ClInclude Include="src\GEngine\Events\ApplicationEvent.h">
      <Filter>GEngine\Events</Filter>
    </ClInclude>
    <ClInclude Include="src\GEngine\Events\Event.h">
      <Filter>GEngine\Events</Filter>
    </ClInclude>
    <ClInclude Include="src\GEngine\Events\KeyEvent.h">
      <Filter>GEngine\Events</Filter>
    </ClInclude>
    <ClInclude Include="src\GEngine\Events\MouseEvent.h">
      <Filter>GEngine\Events</Filter>
    </ClInclude>
    <ClInclude Include="src\GEngine\Log.h">
      <Filter>GEngine</Filter>
    </ClInclude>
    <ClInclude Include="src\gepch.h" />
  </ItemGroup>
  <ItemGroup>
    <ClCompile Include="src\GEngine\Application.cpp">
      <Filter>GEngine</Filter>
    </ClCompile>
    <ClCompile Include="src\GEngine\Log.cpp">
      <Filter>GEngine</Filter>
    </ClCompile>
    <ClCompile Include="src\gepch.cpp" />
  </ItemGroup>
</Project>